// !$*UTF8*$!
{
	archiveVersion = 1;
	classes = {
	};
	objectVersion = 46;
	objects = {

/* Begin PBXBuildFile section */
		6B17B58518A674C100A9276D /* iconinfostest.plist in Resources */ = {isa = PBXBuildFile; fileRef = 6B17B58418A674C100A9276D /* iconinfostest.plist */; };
		6B50F89018C87E4B0065B94B /* 1.jpg in Resources */ = {isa = PBXBuildFile; fileRef = 6B50F83C18C87E4B0065B94B /* 1.jpg */; };
		6B50F89118C87E4B0065B94B /* 2.jpg in Resources */ = {isa = PBXBuildFile; fileRef = 6B50F83D18C87E4B0065B94B /* 2.jpg */; };
		6B50F89218C87E4B0065B94B /* 3.jpg in Resources */ = {isa = PBXBuildFile; fileRef = 6B50F83E18C87E4B0065B94B /* 3.jpg */; };
		6B50F89318C87E4B0065B94B /* 4.jpg in Resources */ = {isa = PBXBuildFile; fileRef = 6B50F83F18C87E4B0065B94B /* 4.jpg */; };
		6B50F89418C87E4B0065B94B /* 5.jpg in Resources */ = {isa = PBXBuildFile; fileRef = 6B50F84018C87E4B0065B94B /* 5.jpg */; };
		6B50F89518C87E4B0065B94B /* 6.jpg in Resources */ = {isa = PBXBuildFile; fileRef = 6B50F84118C87E4B0065B94B /* 6.jpg */; };
		6B50F89618C87E4B0065B94B /* 7.jpg in Resources */ = {isa = PBXBuildFile; fileRef = 6B50F84218C87E4B0065B94B /* 7.jpg */; };
		6B50F89718C87E4B0065B94B /* 8.jpg in Resources */ = {isa = PBXBuildFile; fileRef = 6B50F84318C87E4B0065B94B /* 8.jpg */; };
		6B50F89818C87E4B0065B94B /* 9.jpg in Resources */ = {isa = PBXBuildFile; fileRef = 6B50F84418C87E4B0065B94B /* 9.jpg */; };
		6B50F89918C87E4B0065B94B /* 10.jpg in Resources */ = {isa = PBXBuildFile; fileRef = 6B50F84518C87E4B0065B94B /* 10.jpg */; };
		6B50F89A18C87E4B0065B94B /* 11.jpg in Resources */ = {isa = PBXBuildFile; fileRef = 6B50F84618C87E4B0065B94B /* 11.jpg */; };
		6B50F89B18C87E4B0065B94B /* 12.jpg in Resources */ = {isa = PBXBuildFile; fileRef = 6B50F84718C87E4B0065B94B /* 12.jpg */; };
		6B50F89C18C87E4B0065B94B /* 13.jpg in Resources */ = {isa = PBXBuildFile; fileRef = 6B50F84818C87E4B0065B94B /* 13.jpg */; };
		6B50F89D18C87E4B0065B94B /* 14.jpg in Resources */ = {isa = PBXBuildFile; fileRef = 6B50F84918C87E4B0065B94B /* 14.jpg */; };
		6B50F89E18C87E4B0065B94B /* 15.jpg in Resources */ = {isa = PBXBuildFile; fileRef = 6B50F84A18C87E4B0065B94B /* 15.jpg */; };
		6B50F89F18C87E4B0065B94B /* 16.jpg in Resources */ = {isa = PBXBuildFile; fileRef = 6B50F84B18C87E4B0065B94B /* 16.jpg */; };
		6B50F8A018C87E4B0065B94B /* 17.jpg in Resources */ = {isa = PBXBuildFile; fileRef = 6B50F84C18C87E4B0065B94B /* 17.jpg */; };
		6B50F8A118C87E4B0065B94B /* 18.jpg in Resources */ = {isa = PBXBuildFile; fileRef = 6B50F84D18C87E4B0065B94B /* 18.jpg */; };
		6B50F8A218C87E4B0065B94B /* 19.jpg in Resources */ = {isa = PBXBuildFile; fileRef = 6B50F84E18C87E4B0065B94B /* 19.jpg */; };
		6B50F8A318C87E4B0065B94B /* 20.jpg in Resources */ = {isa = PBXBuildFile; fileRef = 6B50F84F18C87E4B0065B94B /* 20.jpg */; };
		6B50F8A418C87E4B0065B94B /* 21.jpg in Resources */ = {isa = PBXBuildFile; fileRef = 6B50F85018C87E4B0065B94B /* 21.jpg */; };
		6B50F8A518C87E4B0065B94B /* 22.jpg in Resources */ = {isa = PBXBuildFile; fileRef = 6B50F85118C87E4B0065B94B /* 22.jpg */; };
		6B50F8A618C87E4B0065B94B /* 23.jpg in Resources */ = {isa = PBXBuildFile; fileRef = 6B50F85218C87E4B0065B94B /* 23.jpg */; };
		6B50F8A718C87E4B0065B94B /* 24.jpg in Resources */ = {isa = PBXBuildFile; fileRef = 6B50F85318C87E4B0065B94B /* 24.jpg */; };
		6B50F8A818C87E4B0065B94B /* 25.jpg in Resources */ = {isa = PBXBuildFile; fileRef = 6B50F85418C87E4B0065B94B /* 25.jpg */; };
		6B50F8A918C87E4B0065B94B /* 26.jpg in Resources */ = {isa = PBXBuildFile; fileRef = 6B50F85518C87E4B0065B94B /* 26.jpg */; };
		6B50F8AA18C87E4B0065B94B /* 27.jpg in Resources */ = {isa = PBXBuildFile; fileRef = 6B50F85618C87E4B0065B94B /* 27.jpg */; };
		6B50F8AB18C87E4B0065B94B /* 28.jpg in Resources */ = {isa = PBXBuildFile; fileRef = 6B50F85718C87E4B0065B94B /* 28.jpg */; };
		6B50F8AC18C87E4B0065B94B /* 29.jpg in Resources */ = {isa = PBXBuildFile; fileRef = 6B50F85818C87E4B0065B94B /* 29.jpg */; };
		6B50F8AD18C87E4B0065B94B /* 30.jpg in Resources */ = {isa = PBXBuildFile; fileRef = 6B50F85918C87E4B0065B94B /* 30.jpg */; };
		6B50F8AE18C87E4B0065B94B /* 31.jpg in Resources */ = {isa = PBXBuildFile; fileRef = 6B50F85A18C87E4B0065B94B /* 31.jpg */; };
		6B50F8AF18C87E4B0065B94B /* 32.jpg in Resources */ = {isa = PBXBuildFile; fileRef = 6B50F85B18C87E4B0065B94B /* 32.jpg */; };
		6B50F8B018C87E4B0065B94B /* 33.jpg in Resources */ = {isa = PBXBuildFile; fileRef = 6B50F85C18C87E4B0065B94B /* 33.jpg */; };
		6B50F8B118C87E4B0065B94B /* 34.jpg in Resources */ = {isa = PBXBuildFile; fileRef = 6B50F85D18C87E4B0065B94B /* 34.jpg */; };
		6B50F8B218C87E4B0065B94B /* 35.jpg in Resources */ = {isa = PBXBuildFile; fileRef = 6B50F85E18C87E4B0065B94B /* 35.jpg */; };
		6B50F8B318C87E4B0065B94B /* 36.jpg in Resources */ = {isa = PBXBuildFile; fileRef = 6B50F85F18C87E4B0065B94B /* 36.jpg */; };
		6B50F8B418C87E4B0065B94B /* 37.jpg in Resources */ = {isa = PBXBuildFile; fileRef = 6B50F86018C87E4B0065B94B /* 37.jpg */; };
		6B50F8B518C87E4B0065B94B /* 38.jpg in Resources */ = {isa = PBXBuildFile; fileRef = 6B50F86118C87E4B0065B94B /* 38.jpg */; };
		6B50F8B618C87E4B0065B94B /* 39.jpg in Resources */ = {isa = PBXBuildFile; fileRef = 6B50F86218C87E4B0065B94B /* 39.jpg */; };
		6B50F8B718C87E4B0065B94B /* 40.jpg in Resources */ = {isa = PBXBuildFile; fileRef = 6B50F86318C87E4B0065B94B /* 40.jpg */; };
		6B50F8B818C87E4B0065B94B /* 41.jpg in Resources */ = {isa = PBXBuildFile; fileRef = 6B50F86418C87E4B0065B94B /* 41.jpg */; };
		6B50F8B918C87E4B0065B94B /* 42.jpg in Resources */ = {isa = PBXBuildFile; fileRef = 6B50F86518C87E4B0065B94B /* 42.jpg */; };
		6B50F8BA18C87E4B0065B94B /* 43.jpg in Resources */ = {isa = PBXBuildFile; fileRef = 6B50F86618C87E4B0065B94B /* 43.jpg */; };
		6B50F8BB18C87E4B0065B94B /* 44.jpg in Resources */ = {isa = PBXBuildFile; fileRef = 6B50F86718C87E4B0065B94B /* 44.jpg */; };
		6B50F8BC18C87E4B0065B94B /* 45.jpg in Resources */ = {isa = PBXBuildFile; fileRef = 6B50F86818C87E4B0065B94B /* 45.jpg */; };
		6B50F8BD18C87E4B0065B94B /* 46.jpg in Resources */ = {isa = PBXBuildFile; fileRef = 6B50F86918C87E4B0065B94B /* 46.jpg */; };
		6B50F8BE18C87E4B0065B94B /* 47.jpg in Resources */ = {isa = PBXBuildFile; fileRef = 6B50F86A18C87E4B0065B94B /* 47.jpg */; };
		6B50F8BF18C87E4B0065B94B /* 48.jpg in Resources */ = {isa = PBXBuildFile; fileRef = 6B50F86B18C87E4B0065B94B /* 48.jpg */; };
		6B50F8C018C87E4B0065B94B /* 49.jpg in Resources */ = {isa = PBXBuildFile; fileRef = 6B50F86C18C87E4B0065B94B /* 49.jpg */; };
		6B50F8C118C87E4B0065B94B /* 50.jpg in Resources */ = {isa = PBXBuildFile; fileRef = 6B50F86D18C87E4B0065B94B /* 50.jpg */; };
		6B50F8C218C87E4B0065B94B /* 51.jpg in Resources */ = {isa = PBXBuildFile; fileRef = 6B50F86E18C87E4B0065B94B /* 51.jpg */; };
		6B50F8C318C87E4B0065B94B /* 52.jpg in Resources */ = {isa = PBXBuildFile; fileRef = 6B50F86F18C87E4B0065B94B /* 52.jpg */; };
		6B50F8C418C87E4B0065B94B /* 54.jpg in Resources */ = {isa = PBXBuildFile; fileRef = 6B50F87018C87E4B0065B94B /* 54.jpg */; };
		6B50F8C518C87E4B0065B94B /* 55.jpg in Resources */ = {isa = PBXBuildFile; fileRef = 6B50F87118C87E4B0065B94B /* 55.jpg */; };
		6B50F8C618C87E4B0065B94B /* 56.jpg in Resources */ = {isa = PBXBuildFile; fileRef = 6B50F87218C87E4B0065B94B /* 56.jpg */; };
		6B50F8C718C87E4B0065B94B /* 57.jpg in Resources */ = {isa = PBXBuildFile; fileRef = 6B50F87318C87E4B0065B94B /* 57.jpg */; };
		6B50F8C818C87E4B0065B94B /* 58.jpg in Resources */ = {isa = PBXBuildFile; fileRef = 6B50F87418C87E4B0065B94B /* 58.jpg */; };
		6B50F8C918C87E4B0065B94B /* 59.jpg in Resources */ = {isa = PBXBuildFile; fileRef = 6B50F87518C87E4B0065B94B /* 59.jpg */; };
		6B50F8CA18C87E4B0065B94B /* 60.jpg in Resources */ = {isa = PBXBuildFile; fileRef = 6B50F87618C87E4B0065B94B /* 60.jpg */; };
		6B50F8CB18C87E4B0065B94B /* 61.jpg in Resources */ = {isa = PBXBuildFile; fileRef = 6B50F87718C87E4B0065B94B /* 61.jpg */; };
		6B50F8CC18C87E4B0065B94B /* 62.jpg in Resources */ = {isa = PBXBuildFile; fileRef = 6B50F87818C87E4B0065B94B /* 62.jpg */; };
		6B50F8CD18C87E4B0065B94B /* 63.jpg in Resources */ = {isa = PBXBuildFile; fileRef = 6B50F87918C87E4B0065B94B /* 63.jpg */; };
		6B50F8CE18C87E4B0065B94B /* 64.jpg in Resources */ = {isa = PBXBuildFile; fileRef = 6B50F87A18C87E4B0065B94B /* 64.jpg */; };
		6B50F8CF18C87E4B0065B94B /* 65.jpg in Resources */ = {isa = PBXBuildFile; fileRef = 6B50F87B18C87E4B0065B94B /* 65.jpg */; };
		6B50F8D018C87E4B0065B94B /* 66.jpg in Resources */ = {isa = PBXBuildFile; fileRef = 6B50F87C18C87E4B0065B94B /* 66.jpg */; };
		6B50F8D118C87E4B0065B94B /* 67.jpg in Resources */ = {isa = PBXBuildFile; fileRef = 6B50F87D18C87E4B0065B94B /* 67.jpg */; };
		6B50F8D218C87E4B0065B94B /* 68.jpg in Resources */ = {isa = PBXBuildFile; fileRef = 6B50F87E18C87E4B0065B94B /* 68.jpg */; };
		6B50F8D318C87E4B0065B94B /* 69.jpg in Resources */ = {isa = PBXBuildFile; fileRef = 6B50F87F18C87E4B0065B94B /* 69.jpg */; };
		6B50F8D418C87E4B0065B94B /* 71.jpg in Resources */ = {isa = PBXBuildFile; fileRef = 6B50F88018C87E4B0065B94B /* 71.jpg */; };
		6B50F8D518C87E4B0065B94B /* 72.jpg in Resources */ = {isa = PBXBuildFile; fileRef = 6B50F88118C87E4B0065B94B /* 72.jpg */; };
		6B50F8D618C87E4B0065B94B /* 73.jpg in Resources */ = {isa = PBXBuildFile; fileRef = 6B50F88218C87E4B0065B94B /* 73.jpg */; };
		6B50F8D718C87E4B0065B94B /* 74.jpg in Resources */ = {isa = PBXBuildFile; fileRef = 6B50F88318C87E4B0065B94B /* 74.jpg */; };
		6B50F8D818C87E4B0065B94B /* 75.jpg in Resources */ = {isa = PBXBuildFile; fileRef = 6B50F88418C87E4B0065B94B /* 75.jpg */; };
		6B50F8D918C87E4B0065B94B /* 76.jpg in Resources */ = {isa = PBXBuildFile; fileRef = 6B50F88518C87E4B0065B94B /* 76.jpg */; };
		6B50F8DA18C87E4B0065B94B /* 77.jpg in Resources */ = {isa = PBXBuildFile; fileRef = 6B50F88618C87E4B0065B94B /* 77.jpg */; };
		6B50F8DB18C87E4B0065B94B /* 78.jpg in Resources */ = {isa = PBXBuildFile; fileRef = 6B50F88718C87E4B0065B94B /* 78.jpg */; };
		6B50F8DC18C87E4B0065B94B /* 79.jpg in Resources */ = {isa = PBXBuildFile; fileRef = 6B50F88818C87E4B0065B94B /* 79.jpg */; };
		6B50F8DD18C87E4B0065B94B /* 80.jpg in Resources */ = {isa = PBXBuildFile; fileRef = 6B50F88918C87E4B0065B94B /* 80.jpg */; };
		6B50F8DE18C87E4B0065B94B /* 81.jpg in Resources */ = {isa = PBXBuildFile; fileRef = 6B50F88A18C87E4B0065B94B /* 81.jpg */; };
		6B50F8DF18C87E4B0065B94B /* 82.jpg in Resources */ = {isa = PBXBuildFile; fileRef = 6B50F88B18C87E4B0065B94B /* 82.jpg */; };
		6B50F8E018C87E4B0065B94B /* 83.jpg in Resources */ = {isa = PBXBuildFile; fileRef = 6B50F88C18C87E4B0065B94B /* 83.jpg */; };
		6B50F8E118C87E4B0065B94B /* 84.jpg in Resources */ = {isa = PBXBuildFile; fileRef = 6B50F88D18C87E4B0065B94B /* 84.jpg */; };
		6B50F8E218C87E4B0065B94B /* 85.jpg in Resources */ = {isa = PBXBuildFile; fileRef = 6B50F88E18C87E4B0065B94B /* 85.jpg */; };
		6B50F8E318C87E4B0065B94B /* 87.jpg in Resources */ = {isa = PBXBuildFile; fileRef = 6B50F88F18C87E4B0065B94B /* 87.jpg */; };
		6BC68E3618A240EC00F93169 /* Foundation.framework in Frameworks */ = {isa = PBXBuildFile; fileRef = 6BC68E3518A240EC00F93169 /* Foundation.framework */; };
		6BC68E3818A240EC00F93169 /* CoreGraphics.framework in Frameworks */ = {isa = PBXBuildFile; fileRef = 6BC68E3718A240EC00F93169 /* CoreGraphics.framework */; };
		6BC68E3A18A240EC00F93169 /* UIKit.framework in Frameworks */ = {isa = PBXBuildFile; fileRef = 6BC68E3918A240EC00F93169 /* UIKit.framework */; };
		6BC68E4018A240EC00F93169 /* InfoPlist.strings in Resources */ = {isa = PBXBuildFile; fileRef = 6BC68E3E18A240EC00F93169 /* InfoPlist.strings */; };
		6BC68E4218A240EC00F93169 /* main.m in Sources */ = {isa = PBXBuildFile; fileRef = 6BC68E4118A240EC00F93169 /* main.m */; };
		6BC68E4618A240EC00F93169 /* AppDelegate.m in Sources */ = {isa = PBXBuildFile; fileRef = 6BC68E4518A240EC00F93169 /* AppDelegate.m */; };
		6BC68E4818A240EC00F93169 /* Images.xcassets in Resources */ = {isa = PBXBuildFile; fileRef = 6BC68E4718A240EC00F93169 /* Images.xcassets */; };
		6BC68E4F18A240EC00F93169 /* XCTest.framework in Frameworks */ = {isa = PBXBuildFile; fileRef = 6BC68E4E18A240EC00F93169 /* XCTest.framework */; };
		6BC68E5018A240EC00F93169 /* Foundation.framework in Frameworks */ = {isa = PBXBuildFile; fileRef = 6BC68E3518A240EC00F93169 /* Foundation.framework */; };
		6BC68E5118A240EC00F93169 /* UIKit.framework in Frameworks */ = {isa = PBXBuildFile; fileRef = 6BC68E3918A240EC00F93169 /* UIKit.framework */; };
		6BC68E5918A240EC00F93169 /* InfoPlist.strings in Resources */ = {isa = PBXBuildFile; fileRef = 6BC68E5718A240EC00F93169 /* InfoPlist.strings */; };
		6BC68E5B18A240EC00F93169 /* guzhangdengTests.m in Sources */ = {isa = PBXBuildFile; fileRef = 6BC68E5A18A240EC00F93169 /* guzhangdengTests.m */; };
		6BC68E6718A2419400F93169 /* HomeViewController.m in Sources */ = {isa = PBXBuildFile; fileRef = 6BC68E6618A2419400F93169 /* HomeViewController.m */; };
		6BC68E6A18A2471800F93169 /* AboutViewController.m in Sources */ = {isa = PBXBuildFile; fileRef = 6BC68E6918A2471800F93169 /* AboutViewController.m */; };
		6BC68E7018A256F600F93169 /* UIImageButton.m in Sources */ = {isa = PBXBuildFile; fileRef = 6BC68E6D18A256F600F93169 /* UIImageButton.m */; };
		6BC68E7118A256F600F93169 /* UITableGridViewCell.m in Sources */ = {isa = PBXBuildFile; fileRef = 6BC68E6F18A256F600F93169 /* UITableGridViewCell.m */; };
		6BC68E7418A258B400F93169 /* iconinfos.plist in Resources */ = {isa = PBXBuildFile; fileRef = 6BC68E7318A258B400F93169 /* iconinfos.plist */; };
		6BC68E8318A2622900F93169 /* DetailViewController.m in Sources */ = {isa = PBXBuildFile; fileRef = 6BC68E8218A2622900F93169 /* DetailViewController.m */; };
		6BC68EF718A2959000F93169 /* AutoScrollLabel.m in Sources */ = {isa = PBXBuildFile; fileRef = 6BC68EA818A2959000F93169 /* AutoScrollLabel.m */; };
		6BC68EF918A2959000F93169 /* DHValidation.m in Sources */ = {isa = PBXBuildFile; fileRef = 6BC68EAD18A2959000F93169 /* DHValidation.m */; };
		6BC68EFA18A2959000F93169 /* NSArray+Extensions.m in Sources */ = {isa = PBXBuildFile; fileRef = 6BC68EB118A2959000F93169 /* NSArray+Extensions.m */; };
		6BC68EFB18A2959000F93169 /* NSDateFormatter+SharedFormatter.m in Sources */ = {isa = PBXBuildFile; fileRef = 6BC68EB418A2959000F93169 /* NSDateFormatter+SharedFormatter.m */; };
		6BC68EFC18A2959000F93169 /* NSDictionary+KeyPath.m in Sources */ = {isa = PBXBuildFile; fileRef = 6BC68EB718A2959000F93169 /* NSDictionary+KeyPath.m */; };
		6BC68EFD18A2959000F93169 /* NSNotification+Extensions.m in Sources */ = {isa = PBXBuildFile; fileRef = 6BC68EBA18A2959000F93169 /* NSNotification+Extensions.m */; };
		6BC68EFE18A2959000F93169 /* NSString+Extensions.m in Sources */ = {isa = PBXBuildFile; fileRef = 6BC68EBD18A2959000F93169 /* NSString+Extensions.m */; };
		6BC68EFF18A2959000F93169 /* NSString+NoNull.m in Sources */ = {isa = PBXBuildFile; fileRef = 6BC68EBF18A2959000F93169 /* NSString+NoNull.m */; };
		6BC68F0218A2959000F93169 /* UIColor+Aditions.m in Sources */ = {isa = PBXBuildFile; fileRef = 6BC68EC818A2959000F93169 /* UIColor+Aditions.m */; };
		6BC68F0918A2959000F93169 /* UILabel+Extensions.m in Sources */ = {isa = PBXBuildFile; fileRef = 6BC68ED918A2959000F93169 /* UILabel+Extensions.m */; };
/* End PBXBuildFile section */

/* Begin PBXContainerItemProxy section */
		6BC68E5218A240EC00F93169 /* PBXContainerItemProxy */ = {
			isa = PBXContainerItemProxy;
			containerPortal = 6BC68E2A18A240EC00F93169 /* Project object */;
			proxyType = 1;
			remoteGlobalIDString = 6BC68E3118A240EC00F93169;
			remoteInfo = guzhangdeng;
		};
/* End PBXContainerItemProxy section */

/* Begin PBXFileReference section */
		6B17B58418A674C100A9276D /* iconinfostest.plist */ = {isa = PBXFileReference; fileEncoding = 4; lastKnownFileType = text.plist.xml; name = iconinfostest.plist; path = data/iconinfostest.plist; sourceTree = "<group>"; };
		6B50F83C18C87E4B0065B94B /* 1.jpg */ = {isa = PBXFileReference; lastKnownFileType = image.jpeg; path = 1.jpg; sourceTree = "<group>"; };
		6B50F83D18C87E4B0065B94B /* 2.jpg */ = {isa = PBXFileReference; lastKnownFileType = image.jpeg; path = 2.jpg; sourceTree = "<group>"; };
		6B50F83E18C87E4B0065B94B /* 3.jpg */ = {isa = PBXFileReference; lastKnownFileType = image.jpeg; path = 3.jpg; sourceTree = "<group>"; };
		6B50F83F18C87E4B0065B94B /* 4.jpg */ = {isa = PBXFileReference; lastKnownFileType = image.jpeg; path = 4.jpg; sourceTree = "<group>"; };
		6B50F84018C87E4B0065B94B /* 5.jpg */ = {isa = PBXFileReference; lastKnownFileType = image.jpeg; path = 5.jpg; sourceTree = "<group>"; };
		6B50F84118C87E4B0065B94B /* 6.jpg */ = {isa = PBXFileReference; lastKnownFileType = image.jpeg; path = 6.jpg; sourceTree = "<group>"; };
		6B50F84218C87E4B0065B94B /* 7.jpg */ = {isa = PBXFileReference; lastKnownFileType = image.jpeg; path = 7.jpg; sourceTree = "<group>"; };
		6B50F84318C87E4B0065B94B /* 8.jpg */ = {isa = PBXFileReference; lastKnownFileType = image.jpeg; path = 8.jpg; sourceTree = "<group>"; };
		6B50F84418C87E4B0065B94B /* 9.jpg */ = {isa = PBXFileReference; lastKnownFileType = image.jpeg; path = 9.jpg; sourceTree = "<group>"; };
		6B50F84518C87E4B0065B94B /* 10.jpg */ = {isa = PBXFileReference; lastKnownFileType = image.jpeg; path = 10.jpg; sourceTree = "<group>"; };
		6B50F84618C87E4B0065B94B /* 11.jpg */ = {isa = PBXFileReference; lastKnownFileType = image.jpeg; path = 11.jpg; sourceTree = "<group>"; };
		6B50F84718C87E4B0065B94B /* 12.jpg */ = {isa = PBXFileReference; lastKnownFileType = image.jpeg; path = 12.jpg; sourceTree = "<group>"; };
		6B50F84818C87E4B0065B94B /* 13.jpg */ = {isa = PBXFileReference; lastKnownFileType = image.jpeg; path = 13.jpg; sourceTree = "<group>"; };
		6B50F84918C87E4B0065B94B /* 14.jpg */ = {isa = PBXFileReference; lastKnownFileType = image.jpeg; path = 14.jpg; sourceTree = "<group>"; };
		6B50F84A18C87E4B0065B94B /* 15.jpg */ = {isa = PBXFileReference; lastKnownFileType = image.jpeg; path = 15.jpg; sourceTree = "<group>"; };
		6B50F84B18C87E4B0065B94B /* 16.jpg */ = {isa = PBXFileReference; lastKnownFileType = image.jpeg; path = 16.jpg; sourceTree = "<group>"; };
		6B50F84C18C87E4B0065B94B /* 17.jpg */ = {isa = PBXFileReference; lastKnownFileType = image.jpeg; path = 17.jpg; sourceTree = "<group>"; };
		6B50F84D18C87E4B0065B94B /* 18.jpg */ = {isa = PBXFileReference; lastKnownFileType = image.jpeg; path = 18.jpg; sourceTree = "<group>"; };
		6B50F84E18C87E4B0065B94B /* 19.jpg */ = {isa = PBXFileReference; lastKnownFileType = image.jpeg; path = 19.jpg; sourceTree = "<group>"; };
		6B50F84F18C87E4B0065B94B /* 20.jpg */ = {isa = PBXFileReference; lastKnownFileType = image.jpeg; path = 20.jpg; sourceTree = "<group>"; };
		6B50F85018C87E4B0065B94B /* 21.jpg */ = {isa = PBXFileReference; lastKnownFileType = image.jpeg; path = 21.jpg; sourceTree = "<group>"; };
		6B50F85118C87E4B0065B94B /* 22.jpg */ = {isa = PBXFileReference; lastKnownFileType = image.jpeg; path = 22.jpg; sourceTree = "<group>"; };
		6B50F85218C87E4B0065B94B /* 23.jpg */ = {isa = PBXFileReference; lastKnownFileType = image.jpeg; path = 23.jpg; sourceTree = "<group>"; };
		6B50F85318C87E4B0065B94B /* 24.jpg */ = {isa = PBXFileReference; lastKnownFileType = image.jpeg; path = 24.jpg; sourceTree = "<group>"; };
		6B50F85418C87E4B0065B94B /* 25.jpg */ = {isa = PBXFileReference; lastKnownFileType = image.jpeg; path = 25.jpg; sourceTree = "<group>"; };
		6B50F85518C87E4B0065B94B /* 26.jpg */ = {isa = PBXFileReference; lastKnownFileType = image.jpeg; path = 26.jpg; sourceTree = "<group>"; };
		6B50F85618C87E4B0065B94B /* 27.jpg */ = {isa = PBXFileReference; lastKnownFileType = image.jpeg; path = 27.jpg; sourceTree = "<group>"; };
		6B50F85718C87E4B0065B94B /* 28.jpg */ = {isa = PBXFileReference; lastKnownFileType = image.jpeg; path = 28.jpg; sourceTree = "<group>"; };
		6B50F85818C87E4B0065B94B /* 29.jpg */ = {isa = PBXFileReference; lastKnownFileType = image.jpeg; path = 29.jpg; sourceTree = "<group>"; };
		6B50F85918C87E4B0065B94B /* 30.jpg */ = {isa = PBXFileReference; lastKnownFileType = image.jpeg; path = 30.jpg; sourceTree = "<group>"; };
		6B50F85A18C87E4B0065B94B /* 31.jpg */ = {isa = PBXFileReference; lastKnownFileType = image.jpeg; path = 31.jpg; sourceTree = "<group>"; };
		6B50F85B18C87E4B0065B94B /* 32.jpg */ = {isa = PBXFileReference; lastKnownFileType = image.jpeg; path = 32.jpg; sourceTree = "<group>"; };
		6B50F85C18C87E4B0065B94B /* 33.jpg */ = {isa = PBXFileReference; lastKnownFileType = image.jpeg; path = 33.jpg; sourceTree = "<group>"; };
		6B50F85D18C87E4B0065B94B /* 34.jpg */ = {isa = PBXFileReference; lastKnownFileType = image.jpeg; path = 34.jpg; sourceTree = "<group>"; };
		6B50F85E18C87E4B0065B94B /* 35.jpg */ = {isa = PBXFileReference; lastKnownFileType = image.jpeg; path = 35.jpg; sourceTree = "<group>"; };
		6B50F85F18C87E4B0065B94B /* 36.jpg */ = {isa = PBXFileReference; lastKnownFileType = image.jpeg; path = 36.jpg; sourceTree = "<group>"; };
		6B50F86018C87E4B0065B94B /* 37.jpg */ = {isa = PBXFileReference; lastKnownFileType = image.jpeg; path = 37.jpg; sourceTree = "<group>"; };
		6B50F86118C87E4B0065B94B /* 38.jpg */ = {isa = PBXFileReference; lastKnownFileType = image.jpeg; path = 38.jpg; sourceTree = "<group>"; };
		6B50F86218C87E4B0065B94B /* 39.jpg */ = {isa = PBXFileReference; lastKnownFileType = image.jpeg; path = 39.jpg; sourceTree = "<group>"; };
		6B50F86318C87E4B0065B94B /* 40.jpg */ = {isa = PBXFileReference; lastKnownFileType = image.jpeg; path = 40.jpg; sourceTree = "<group>"; };
		6B50F86418C87E4B0065B94B /* 41.jpg */ = {isa = PBXFileReference; lastKnownFileType = image.jpeg; path = 41.jpg; sourceTree = "<group>"; };
		6B50F86518C87E4B0065B94B /* 42.jpg */ = {isa = PBXFileReference; lastKnownFileType = image.jpeg; path = 42.jpg; sourceTree = "<group>"; };
		6B50F86618C87E4B0065B94B /* 43.jpg */ = {isa = PBXFileReference; lastKnownFileType = image.jpeg; path = 43.jpg; sourceTree = "<group>"; };
		6B50F86718C87E4B0065B94B /* 44.jpg */ = {isa = PBXFileReference; lastKnownFileType = image.jpeg; path = 44.jpg; sourceTree = "<group>"; };
		6B50F86818C87E4B0065B94B /* 45.jpg */ = {isa = PBXFileReference; lastKnownFileType = image.jpeg; path = 45.jpg; sourceTree = "<group>"; };
		6B50F86918C87E4B0065B94B /* 46.jpg */ = {isa = PBXFileReference; lastKnownFileType = image.jpeg; path = 46.jpg; sourceTree = "<group>"; };
		6B50F86A18C87E4B0065B94B /* 47.jpg */ = {isa = PBXFileReference; lastKnownFileType = image.jpeg; path = 47.jpg; sourceTree = "<group>"; };
		6B50F86B18C87E4B0065B94B /* 48.jpg */ = {isa = PBXFileReference; lastKnownFileType = image.jpeg; path = 48.jpg; sourceTree = "<group>"; };
		6B50F86C18C87E4B0065B94B /* 49.jpg */ = {isa = PBXFileReference; lastKnownFileType = image.jpeg; path = 49.jpg; sourceTree = "<group>"; };
		6B50F86D18C87E4B0065B94B /* 50.jpg */ = {isa = PBXFileReference; lastKnownFileType = image.jpeg; path = 50.jpg; sourceTree = "<group>"; };
		6B50F86E18C87E4B0065B94B /* 51.jpg */ = {isa = PBXFileReference; lastKnownFileType = image.jpeg; path = 51.jpg; sourceTree = "<group>"; };
		6B50F86F18C87E4B0065B94B /* 52.jpg */ = {isa = PBXFileReference; lastKnownFileType = image.jpeg; path = 52.jpg; sourceTree = "<group>"; };
		6B50F87018C87E4B0065B94B /* 54.jpg */ = {isa = PBXFileReference; lastKnownFileType = image.jpeg; path = 54.jpg; sourceTree = "<group>"; };
		6B50F87118C87E4B0065B94B /* 55.jpg */ = {isa = PBXFileReference; lastKnownFileType = image.jpeg; path = 55.jpg; sourceTree = "<group>"; };
		6B50F87218C87E4B0065B94B /* 56.jpg */ = {isa = PBXFileReference; lastKnownFileType = image.jpeg; path = 56.jpg; sourceTree = "<group>"; };
		6B50F87318C87E4B0065B94B /* 57.jpg */ = {isa = PBXFileReference; lastKnownFileType = image.jpeg; path = 57.jpg; sourceTree = "<group>"; };
		6B50F87418C87E4B0065B94B /* 58.jpg */ = {isa = PBXFileReference; lastKnownFileType = image.jpeg; path = 58.jpg; sourceTree = "<group>"; };
		6B50F87518C87E4B0065B94B /* 59.jpg */ = {isa = PBXFileReference; lastKnownFileType = image.jpeg; path = 59.jpg; sourceTree = "<group>"; };
		6B50F87618C87E4B0065B94B /* 60.jpg */ = {isa = PBXFileReference; lastKnownFileType = image.jpeg; path = 60.jpg; sourceTree = "<group>"; };
		6B50F87718C87E4B0065B94B /* 61.jpg */ = {isa = PBXFileReference; lastKnownFileType = image.jpeg; path = 61.jpg; sourceTree = "<group>"; };
		6B50F87818C87E4B0065B94B /* 62.jpg */ = {isa = PBXFileReference; lastKnownFileType = image.jpeg; path = 62.jpg; sourceTree = "<group>"; };
		6B50F87918C87E4B0065B94B /* 63.jpg */ = {isa = PBXFileReference; lastKnownFileType = image.jpeg; path = 63.jpg; sourceTree = "<group>"; };
		6B50F87A18C87E4B0065B94B /* 64.jpg */ = {isa = PBXFileReference; lastKnownFileType = image.jpeg; path = 64.jpg; sourceTree = "<group>"; };
		6B50F87B18C87E4B0065B94B /* 65.jpg */ = {isa = PBXFileReference; lastKnownFileType = image.jpeg; path = 65.jpg; sourceTree = "<group>"; };
		6B50F87C18C87E4B0065B94B /* 66.jpg */ = {isa = PBXFileReference; lastKnownFileType = image.jpeg; path = 66.jpg; sourceTree = "<group>"; };
		6B50F87D18C87E4B0065B94B /* 67.jpg */ = {isa = PBXFileReference; lastKnownFileType = image.jpeg; path = 67.jpg; sourceTree = "<group>"; };
		6B50F87E18C87E4B0065B94B /* 68.jpg */ = {isa = PBXFileReference; lastKnownFileType = image.jpeg; path = 68.jpg; sourceTree = "<group>"; };
		6B50F87F18C87E4B0065B94B /* 69.jpg */ = {isa = PBXFileReference; lastKnownFileType = image.jpeg; path = 69.jpg; sourceTree = "<group>"; };
		6B50F88018C87E4B0065B94B /* 71.jpg */ = {isa = PBXFileReference; lastKnownFileType = image.jpeg; path = 71.jpg; sourceTree = "<group>"; };
		6B50F88118C87E4B0065B94B /* 72.jpg */ = {isa = PBXFileReference; lastKnownFileType = image.jpeg; path = 72.jpg; sourceTree = "<group>"; };
		6B50F88218C87E4B0065B94B /* 73.jpg */ = {isa = PBXFileReference; lastKnownFileType = image.jpeg; path = 73.jpg; sourceTree = "<group>"; };
		6B50F88318C87E4B0065B94B /* 74.jpg */ = {isa = PBXFileReference; lastKnownFileType = image.jpeg; path = 74.jpg; sourceTree = "<group>"; };
		6B50F88418C87E4B0065B94B /* 75.jpg */ = {isa = PBXFileReference; lastKnownFileType = image.jpeg; path = 75.jpg; sourceTree = "<group>"; };
		6B50F88518C87E4B0065B94B /* 76.jpg */ = {isa = PBXFileReference; lastKnownFileType = image.jpeg; path = 76.jpg; sourceTree = "<group>"; };
		6B50F88618C87E4B0065B94B /* 77.jpg */ = {isa = PBXFileReference; lastKnownFileType = image.jpeg; path = 77.jpg; sourceTree = "<group>"; };
		6B50F88718C87E4B0065B94B /* 78.jpg */ = {isa = PBXFileReference; lastKnownFileType = image.jpeg; path = 78.jpg; sourceTree = "<group>"; };
		6B50F88818C87E4B0065B94B /* 79.jpg */ = {isa = PBXFileReference; lastKnownFileType = image.jpeg; path = 79.jpg; sourceTree = "<group>"; };
		6B50F88918C87E4B0065B94B /* 80.jpg */ = {isa = PBXFileReference; lastKnownFileType = image.jpeg; path = 80.jpg; sourceTree = "<group>"; };
		6B50F88A18C87E4B0065B94B /* 81.jpg */ = {isa = PBXFileReference; lastKnownFileType = image.jpeg; path = 81.jpg; sourceTree = "<group>"; };
		6B50F88B18C87E4B0065B94B /* 82.jpg */ = {isa = PBXFileReference; lastKnownFileType = image.jpeg; path = 82.jpg; sourceTree = "<group>"; };
		6B50F88C18C87E4B0065B94B /* 83.jpg */ = {isa = PBXFileReference; lastKnownFileType = image.jpeg; path = 83.jpg; sourceTree = "<group>"; };
		6B50F88D18C87E4B0065B94B /* 84.jpg */ = {isa = PBXFileReference; lastKnownFileType = image.jpeg; path = 84.jpg; sourceTree = "<group>"; };
		6B50F88E18C87E4B0065B94B /* 85.jpg */ = {isa = PBXFileReference; lastKnownFileType = image.jpeg; path = 85.jpg; sourceTree = "<group>"; };
		6B50F88F18C87E4B0065B94B /* 87.jpg */ = {isa = PBXFileReference; lastKnownFileType = image.jpeg; path = 87.jpg; sourceTree = "<group>"; };
		6BC68E3218A240EC00F93169 /* guzhangdeng.app */ = {isa = PBXFileReference; explicitFileType = wrapper.application; includeInIndex = 0; path = guzhangdeng.app; sourceTree = BUILT_PRODUCTS_DIR; };
		6BC68E3518A240EC00F93169 /* Foundation.framework */ = {isa = PBXFileReference; lastKnownFileType = wrapper.framework; name = Foundation.framework; path = System/Library/Frameworks/Foundation.framework; sourceTree = SDKROOT; };
		6BC68E3718A240EC00F93169 /* CoreGraphics.framework */ = {isa = PBXFileReference; lastKnownFileType = wrapper.framework; name = CoreGraphics.framework; path = System/Library/Frameworks/CoreGraphics.framework; sourceTree = SDKROOT; };
		6BC68E3918A240EC00F93169 /* UIKit.framework */ = {isa = PBXFileReference; lastKnownFileType = wrapper.framework; name = UIKit.framework; path = System/Library/Frameworks/UIKit.framework; sourceTree = SDKROOT; };
		6BC68E3D18A240EC00F93169 /* guzhangdeng-Info.plist */ = {isa = PBXFileReference; lastKnownFileType = text.plist.xml; path = "guzhangdeng-Info.plist"; sourceTree = "<group>"; };
		6BC68E3F18A240EC00F93169 /* en */ = {isa = PBXFileReference; lastKnownFileType = text.plist.strings; name = en; path = en.lproj/InfoPlist.strings; sourceTree = "<group>"; };
		6BC68E4118A240EC00F93169 /* main.m */ = {isa = PBXFileReference; lastKnownFileType = sourcecode.c.objc; path = main.m; sourceTree = "<group>"; };
		6BC68E4318A240EC00F93169 /* guzhangdeng-Prefix.pch */ = {isa = PBXFileReference; lastKnownFileType = sourcecode.c.h; path = "guzhangdeng-Prefix.pch"; sourceTree = "<group>"; };
		6BC68E4418A240EC00F93169 /* AppDelegate.h */ = {isa = PBXFileReference; lastKnownFileType = sourcecode.c.h; path = AppDelegate.h; sourceTree = "<group>"; };
		6BC68E4518A240EC00F93169 /* AppDelegate.m */ = {isa = PBXFileReference; lastKnownFileType = sourcecode.c.objc; path = AppDelegate.m; sourceTree = "<group>"; };
		6BC68E4718A240EC00F93169 /* Images.xcassets */ = {isa = PBXFileReference; lastKnownFileType = folder.assetcatalog; path = Images.xcassets; sourceTree = "<group>"; };
		6BC68E4D18A240EC00F93169 /* guzhangdengTests.xctest */ = {isa = PBXFileReference; explicitFileType = wrapper.cfbundle; includeInIndex = 0; path = guzhangdengTests.xctest; sourceTree = BUILT_PRODUCTS_DIR; };
		6BC68E4E18A240EC00F93169 /* XCTest.framework */ = {isa = PBXFileReference; lastKnownFileType = wrapper.framework; name = XCTest.framework; path = Library/Frameworks/XCTest.framework; sourceTree = DEVELOPER_DIR; };
		6BC68E5618A240EC00F93169 /* guzhangdengTests-Info.plist */ = {isa = PBXFileReference; lastKnownFileType = text.plist.xml; path = "guzhangdengTests-Info.plist"; sourceTree = "<group>"; };
		6BC68E5818A240EC00F93169 /* en */ = {isa = PBXFileReference; lastKnownFileType = text.plist.strings; name = en; path = en.lproj/InfoPlist.strings; sourceTree = "<group>"; };
		6BC68E5A18A240EC00F93169 /* guzhangdengTests.m */ = {isa = PBXFileReference; lastKnownFileType = sourcecode.c.objc; path = guzhangdengTests.m; sourceTree = "<group>"; };
		6BC68E6518A2419400F93169 /* HomeViewController.h */ = {isa = PBXFileReference; fileEncoding = 4; lastKnownFileType = sourcecode.c.h; name = HomeViewController.h; path = views/HomeViewController.h; sourceTree = "<group>"; };
		6BC68E6618A2419400F93169 /* HomeViewController.m */ = {isa = PBXFileReference; fileEncoding = 4; lastKnownFileType = sourcecode.c.objc; name = HomeViewController.m; path = views/HomeViewController.m; sourceTree = "<group>"; };
		6BC68E6818A2471800F93169 /* AboutViewController.h */ = {isa = PBXFileReference; fileEncoding = 4; lastKnownFileType = sourcecode.c.h; name = AboutViewController.h; path = views/AboutViewController.h; sourceTree = "<group>"; };
		6BC68E6918A2471800F93169 /* AboutViewController.m */ = {isa = PBXFileReference; fileEncoding = 4; lastKnownFileType = sourcecode.c.objc; name = AboutViewController.m; path = views/AboutViewController.m; sourceTree = "<group>"; };
		6BC68E6C18A256F600F93169 /* UIImageButton.h */ = {isa = PBXFileReference; fileEncoding = 4; lastKnownFileType = sourcecode.c.h; path = UIImageButton.h; sourceTree = "<group>"; };
		6BC68E6D18A256F600F93169 /* UIImageButton.m */ = {isa = PBXFileReference; fileEncoding = 4; lastKnownFileType = sourcecode.c.objc; path = UIImageButton.m; sourceTree = "<group>"; };
		6BC68E6E18A256F600F93169 /* UITableGridViewCell.h */ = {isa = PBXFileReference; fileEncoding = 4; lastKnownFileType = sourcecode.c.h; path = UITableGridViewCell.h; sourceTree = "<group>"; };
		6BC68E6F18A256F600F93169 /* UITableGridViewCell.m */ = {isa = PBXFileReference; fileEncoding = 4; lastKnownFileType = sourcecode.c.objc; path = UITableGridViewCell.m; sourceTree = "<group>"; };
		6BC68E7318A258B400F93169 /* iconinfos.plist */ = {isa = PBXFileReference; fileEncoding = 4; lastKnownFileType = text.plist.xml; name = iconinfos.plist; path = data/iconinfos.plist; sourceTree = "<group>"; };
		6BC68E8118A2622900F93169 /* DetailViewController.h */ = {isa = PBXFileReference; fileEncoding = 4; lastKnownFileType = sourcecode.c.h; name = DetailViewController.h; path = views/DetailViewController.h; sourceTree = "<group>"; };
		6BC68E8218A2622900F93169 /* DetailViewController.m */ = {isa = PBXFileReference; fileEncoding = 4; lastKnownFileType = sourcecode.c.objc; name = DetailViewController.m; path = views/DetailViewController.m; sourceTree = "<group>"; };
		6BC68EA718A2959000F93169 /* AutoScrollLabel.h */ = {isa = PBXFileReference; fileEncoding = 4; lastKnownFileType = sourcecode.c.h; path = AutoScrollLabel.h; sourceTree = "<group>"; };
		6BC68EA818A2959000F93169 /* AutoScrollLabel.m */ = {isa = PBXFileReference; fileEncoding = 4; lastKnownFileType = sourcecode.c.objc; path = AutoScrollLabel.m; sourceTree = "<group>"; };
		6BC68EAC18A2959000F93169 /* DHValidation.h */ = {isa = PBXFileReference; fileEncoding = 4; lastKnownFileType = sourcecode.c.h; path = DHValidation.h; sourceTree = "<group>"; };
		6BC68EAD18A2959000F93169 /* DHValidation.m */ = {isa = PBXFileReference; fileEncoding = 4; lastKnownFileType = sourcecode.c.objc; path = DHValidation.m; sourceTree = "<group>"; };
		6BC68EAE18A2959000F93169 /* HPDefaultExtensions.h */ = {isa = PBXFileReference; fileEncoding = 4; lastKnownFileType = sourcecode.c.h; path = HPDefaultExtensions.h; sourceTree = "<group>"; };
		6BC68EB018A2959000F93169 /* NSArray+Extensions.h */ = {isa = PBXFileReference; fileEncoding = 4; lastKnownFileType = sourcecode.c.h; path = "NSArray+Extensions.h"; sourceTree = "<group>"; };
		6BC68EB118A2959000F93169 /* NSArray+Extensions.m */ = {isa = PBXFileReference; fileEncoding = 4; lastKnownFileType = sourcecode.c.objc; path = "NSArray+Extensions.m"; sourceTree = "<group>"; };
		6BC68EB318A2959000F93169 /* NSDateFormatter+SharedFormatter.h */ = {isa = PBXFileReference; fileEncoding = 4; lastKnownFileType = sourcecode.c.h; path = "NSDateFormatter+SharedFormatter.h"; sourceTree = "<group>"; };
		6BC68EB418A2959000F93169 /* NSDateFormatter+SharedFormatter.m */ = {isa = PBXFileReference; fileEncoding = 4; lastKnownFileType = sourcecode.c.objc; path = "NSDateFormatter+SharedFormatter.m"; sourceTree = "<group>"; };
		6BC68EB618A2959000F93169 /* NSDictionary+KeyPath.h */ = {isa = PBXFileReference; fileEncoding = 4; lastKnownFileType = sourcecode.c.h; path = "NSDictionary+KeyPath.h"; sourceTree = "<group>"; };
		6BC68EB718A2959000F93169 /* NSDictionary+KeyPath.m */ = {isa = PBXFileReference; fileEncoding = 4; lastKnownFileType = sourcecode.c.objc; path = "NSDictionary+KeyPath.m"; sourceTree = "<group>"; };
		6BC68EB918A2959000F93169 /* NSNotification+Extensions.h */ = {isa = PBXFileReference; fileEncoding = 4; lastKnownFileType = sourcecode.c.h; path = "NSNotification+Extensions.h"; sourceTree = "<group>"; };
		6BC68EBA18A2959000F93169 /* NSNotification+Extensions.m */ = {isa = PBXFileReference; fileEncoding = 4; lastKnownFileType = sourcecode.c.objc; path = "NSNotification+Extensions.m"; sourceTree = "<group>"; };
		6BC68EBC18A2959000F93169 /* NSString+Extensions.h */ = {isa = PBXFileReference; fileEncoding = 4; lastKnownFileType = sourcecode.c.h; path = "NSString+Extensions.h"; sourceTree = "<group>"; };
		6BC68EBD18A2959000F93169 /* NSString+Extensions.m */ = {isa = PBXFileReference; fileEncoding = 4; lastKnownFileType = sourcecode.c.objc; path = "NSString+Extensions.m"; sourceTree = "<group>"; };
		6BC68EBE18A2959000F93169 /* NSString+NoNull.h */ = {isa = PBXFileReference; fileEncoding = 4; lastKnownFileType = sourcecode.c.h; path = "NSString+NoNull.h"; sourceTree = "<group>"; };
		6BC68EBF18A2959000F93169 /* NSString+NoNull.m */ = {isa = PBXFileReference; fileEncoding = 4; lastKnownFileType = sourcecode.c.objc; path = "NSString+NoNull.m"; sourceTree = "<group>"; };
		6BC68EC718A2959000F93169 /* UIColor+Aditions.h */ = {isa = PBXFileReference; fileEncoding = 4; lastKnownFileType = sourcecode.c.h; path = "UIColor+Aditions.h"; sourceTree = "<group>"; };
		6BC68EC818A2959000F93169 /* UIColor+Aditions.m */ = {isa = PBXFileReference; fileEncoding = 4; lastKnownFileType = sourcecode.c.objc; path = "UIColor+Aditions.m"; sourceTree = "<group>"; };
		6BC68ED818A2959000F93169 /* UILabel+Extensions.h */ = {isa = PBXFileReference; fileEncoding = 4; lastKnownFileType = sourcecode.c.h; path = "UILabel+Extensions.h"; sourceTree = "<group>"; };
		6BC68ED918A2959000F93169 /* UILabel+Extensions.m */ = {isa = PBXFileReference; fileEncoding = 4; lastKnownFileType = sourcecode.c.objc; path = "UILabel+Extensions.m"; sourceTree = "<group>"; };
/* End PBXFileReference section */

/* Begin PBXFrameworksBuildPhase section */
		6BC68E2F18A240EC00F93169 /* Frameworks */ = {
			isa = PBXFrameworksBuildPhase;
			buildActionMask = 2147483647;
			files = (
				6BC68E3818A240EC00F93169 /* CoreGraphics.framework in Frameworks */,
				6BC68E3A18A240EC00F93169 /* UIKit.framework in Frameworks */,
				6BC68E3618A240EC00F93169 /* Foundation.framework in Frameworks */,
			);
			runOnlyForDeploymentPostprocessing = 0;
		};
		6BC68E4A18A240EC00F93169 /* Frameworks */ = {
			isa = PBXFrameworksBuildPhase;
			buildActionMask = 2147483647;
			files = (
				6BC68E4F18A240EC00F93169 /* XCTest.framework in Frameworks */,
				6BC68E5118A240EC00F93169 /* UIKit.framework in Frameworks */,
				6BC68E5018A240EC00F93169 /* Foundation.framework in Frameworks */,
			);
			runOnlyForDeploymentPostprocessing = 0;
		};
/* End PBXFrameworksBuildPhase section */

/* Begin PBXGroup section */
		6B1588BD18A63F5700F3E048 /* icons */ = {
			isa = PBXGroup;
			children = (
				6B50F83C18C87E4B0065B94B /* 1.jpg */,
				6B50F83D18C87E4B0065B94B /* 2.jpg */,
				6B50F83E18C87E4B0065B94B /* 3.jpg */,
				6B50F83F18C87E4B0065B94B /* 4.jpg */,
				6B50F84018C87E4B0065B94B /* 5.jpg */,
				6B50F84118C87E4B0065B94B /* 6.jpg */,
				6B50F84218C87E4B0065B94B /* 7.jpg */,
				6B50F84318C87E4B0065B94B /* 8.jpg */,
				6B50F84418C87E4B0065B94B /* 9.jpg */,
				6B50F84518C87E4B0065B94B /* 10.jpg */,
				6B50F84618C87E4B0065B94B /* 11.jpg */,
				6B50F84718C87E4B0065B94B /* 12.jpg */,
				6B50F84818C87E4B0065B94B /* 13.jpg */,
				6B50F84918C87E4B0065B94B /* 14.jpg */,
				6B50F84A18C87E4B0065B94B /* 15.jpg */,
				6B50F84B18C87E4B0065B94B /* 16.jpg */,
				6B50F84C18C87E4B0065B94B /* 17.jpg */,
				6B50F84D18C87E4B0065B94B /* 18.jpg */,
				6B50F84E18C87E4B0065B94B /* 19.jpg */,
				6B50F84F18C87E4B0065B94B /* 20.jpg */,
				6B50F85018C87E4B0065B94B /* 21.jpg */,
				6B50F85118C87E4B0065B94B /* 22.jpg */,
				6B50F85218C87E4B0065B94B /* 23.jpg */,
				6B50F85318C87E4B0065B94B /* 24.jpg */,
				6B50F85418C87E4B0065B94B /* 25.jpg */,
				6B50F85518C87E4B0065B94B /* 26.jpg */,
				6B50F85618C87E4B0065B94B /* 27.jpg */,
				6B50F85718C87E4B0065B94B /* 28.jpg */,
				6B50F85818C87E4B0065B94B /* 29.jpg */,
				6B50F85918C87E4B0065B94B /* 30.jpg */,
				6B50F85A18C87E4B0065B94B /* 31.jpg */,
				6B50F85B18C87E4B0065B94B /* 32.jpg */,
				6B50F85C18C87E4B0065B94B /* 33.jpg */,
				6B50F85D18C87E4B0065B94B /* 34.jpg */,
				6B50F85E18C87E4B0065B94B /* 35.jpg */,
				6B50F85F18C87E4B0065B94B /* 36.jpg */,
				6B50F86018C87E4B0065B94B /* 37.jpg */,
				6B50F86118C87E4B0065B94B /* 38.jpg */,
				6B50F86218C87E4B0065B94B /* 39.jpg */,
				6B50F86318C87E4B0065B94B /* 40.jpg */,
				6B50F86418C87E4B0065B94B /* 41.jpg */,
				6B50F86518C87E4B0065B94B /* 42.jpg */,
				6B50F86618C87E4B0065B94B /* 43.jpg */,
				6B50F86718C87E4B0065B94B /* 44.jpg */,
				6B50F86818C87E4B0065B94B /* 45.jpg */,
				6B50F86918C87E4B0065B94B /* 46.jpg */,
				6B50F86A18C87E4B0065B94B /* 47.jpg */,
				6B50F86B18C87E4B0065B94B /* 48.jpg */,
				6B50F86C18C87E4B0065B94B /* 49.jpg */,
				6B50F86D18C87E4B0065B94B /* 50.jpg */,
				6B50F86E18C87E4B0065B94B /* 51.jpg */,
				6B50F86F18C87E4B0065B94B /* 52.jpg */,
				6B50F87018C87E4B0065B94B /* 54.jpg */,
				6B50F87118C87E4B0065B94B /* 55.jpg */,
				6B50F87218C87E4B0065B94B /* 56.jpg */,
				6B50F87318C87E4B0065B94B /* 57.jpg */,
				6B50F87418C87E4B0065B94B /* 58.jpg */,
				6B50F87518C87E4B0065B94B /* 59.jpg */,
				6B50F87618C87E4B0065B94B /* 60.jpg */,
				6B50F87718C87E4B0065B94B /* 61.jpg */,
				6B50F87818C87E4B0065B94B /* 62.jpg */,
				6B50F87918C87E4B0065B94B /* 63.jpg */,
				6B50F87A18C87E4B0065B94B /* 64.jpg */,
				6B50F87B18C87E4B0065B94B /* 65.jpg */,
				6B50F87C18C87E4B0065B94B /* 66.jpg */,
				6B50F87D18C87E4B0065B94B /* 67.jpg */,
				6B50F87E18C87E4B0065B94B /* 68.jpg */,
				6B50F87F18C87E4B0065B94B /* 69.jpg */,
				6B50F88018C87E4B0065B94B /* 71.jpg */,
				6B50F88118C87E4B0065B94B /* 72.jpg */,
				6B50F88218C87E4B0065B94B /* 73.jpg */,
				6B50F88318C87E4B0065B94B /* 74.jpg */,
				6B50F88418C87E4B0065B94B /* 75.jpg */,
				6B50F88518C87E4B0065B94B /* 76.jpg */,
				6B50F88618C87E4B0065B94B /* 77.jpg */,
				6B50F88718C87E4B0065B94B /* 78.jpg */,
				6B50F88818C87E4B0065B94B /* 79.jpg */,
				6B50F88918C87E4B0065B94B /* 80.jpg */,
				6B50F88A18C87E4B0065B94B /* 81.jpg */,
				6B50F88B18C87E4B0065B94B /* 82.jpg */,
				6B50F88C18C87E4B0065B94B /* 83.jpg */,
				6B50F88D18C87E4B0065B94B /* 84.jpg */,
				6B50F88E18C87E4B0065B94B /* 85.jpg */,
				6B50F88F18C87E4B0065B94B /* 87.jpg */,
			);
			path = icons;
			sourceTree = "<group>";
		};
		6BC68E2918A240EC00F93169 = {
			isa = PBXGroup;
			children = (
				6BC68E3B18A240EC00F93169 /* guzhangdeng */,
				6BC68E5418A240EC00F93169 /* guzhangdengTests */,
				6BC68E3418A240EC00F93169 /* Frameworks */,
				6BC68E3318A240EC00F93169 /* Products */,
			);
			sourceTree = "<group>";
		};
		6BC68E3318A240EC00F93169 /* Products */ = {
			isa = PBXGroup;
			children = (
				6BC68E3218A240EC00F93169 /* guzhangdeng.app */,
				6BC68E4D18A240EC00F93169 /* guzhangdengTests.xctest */,
			);
			name = Products;
			sourceTree = "<group>";
		};
		6BC68E3418A240EC00F93169 /* Frameworks */ = {
			isa = PBXGroup;
			children = (
				6BC68E3518A240EC00F93169 /* Foundation.framework */,
				6BC68E3718A240EC00F93169 /* CoreGraphics.framework */,
				6BC68E3918A240EC00F93169 /* UIKit.framework */,
				6BC68E4E18A240EC00F93169 /* XCTest.framework */,
			);
			name = Frameworks;
			sourceTree = "<group>";
		};
		6BC68E3B18A240EC00F93169 /* guzhangdeng */ = {
			isa = PBXGroup;
			children = (
				6BC68E8818A294CB00F93169 /* libs */,
				6BC68E7518A25DDD00F93169 /* images */,
				6BC68E7218A2583C00F93169 /* data */,
				6BC68E6418A2413900F93169 /* Views */,
				6BC68E4418A240EC00F93169 /* AppDelegate.h */,
				6BC68E4518A240EC00F93169 /* AppDelegate.m */,
				6BC68E4718A240EC00F93169 /* Images.xcassets */,
				6BC68E3C18A240EC00F93169 /* Supporting Files */,
			);
			path = guzhangdeng;
			sourceTree = "<group>";
		};
		6BC68E3C18A240EC00F93169 /* Supporting Files */ = {
			isa = PBXGroup;
			children = (
				6BC68E3D18A240EC00F93169 /* guzhangdeng-Info.plist */,
				6BC68E3E18A240EC00F93169 /* InfoPlist.strings */,
				6BC68E4118A240EC00F93169 /* main.m */,
				6BC68E4318A240EC00F93169 /* guzhangdeng-Prefix.pch */,
			);
			name = "Supporting Files";
			sourceTree = "<group>";
		};
		6BC68E5418A240EC00F93169 /* guzhangdengTests */ = {
			isa = PBXGroup;
			children = (
				6BC68E5A18A240EC00F93169 /* guzhangdengTests.m */,
				6BC68E5518A240EC00F93169 /* Supporting Files */,
			);
			path = guzhangdengTests;
			sourceTree = "<group>";
		};
		6BC68E5518A240EC00F93169 /* Supporting Files */ = {
			isa = PBXGroup;
			children = (
				6BC68E5618A240EC00F93169 /* guzhangdengTests-Info.plist */,
				6BC68E5718A240EC00F93169 /* InfoPlist.strings */,
			);
			name = "Supporting Files";
			sourceTree = "<group>";
		};
		6BC68E6418A2413900F93169 /* Views */ = {
			isa = PBXGroup;
			children = (
				6BC68E6B18A256F600F93169 /* elements */,
				6BC68E6518A2419400F93169 /* HomeViewController.h */,
				6BC68E6618A2419400F93169 /* HomeViewController.m */,
				6BC68E6818A2471800F93169 /* AboutViewController.h */,
				6BC68E6918A2471800F93169 /* AboutViewController.m */,
				6BC68E8118A2622900F93169 /* DetailViewController.h */,
				6BC68E8218A2622900F93169 /* DetailViewController.m */,
			);
			name = Views;
			sourceTree = "<group>";
		};
		6BC68E6B18A256F600F93169 /* elements */ = {
			isa = PBXGroup;
			children = (
				6BC68E6C18A256F600F93169 /* UIImageButton.h */,
				6BC68E6D18A256F600F93169 /* UIImageButton.m */,
				6BC68E6E18A256F600F93169 /* UITableGridViewCell.h */,
				6BC68E6F18A256F600F93169 /* UITableGridViewCell.m */,
			);
			name = elements;
			path = views/elements;
			sourceTree = "<group>";
		};
		6BC68E7218A2583C00F93169 /* data */ = {
			isa = PBXGroup;
			children = (
				6B17B58418A674C100A9276D /* iconinfostest.plist */,
				6BC68E7318A258B400F93169 /* iconinfos.plist */,
			);
			name = data;
			sourceTree = "<group>";
		};
		6BC68E7518A25DDD00F93169 /* images */ = {
			isa = PBXGroup;
			children = (
				6B1588BD18A63F5700F3E048 /* icons */,
			);
			path = images;
			sourceTree = "<group>";
		};
		6BC68E8818A294CB00F93169 /* libs */ = {
			isa = PBXGroup;
			children = (
				6BC68E8C18A2959000F93169 /* Extensions */,
			);
			path = libs;
			sourceTree = "<group>";
		};
		6BC68E8C18A2959000F93169 /* Extensions */ = {
			isa = PBXGroup;
			children = (
				6BC68EA718A2959000F93169 /* AutoScrollLabel.h */,
				6BC68EA818A2959000F93169 /* AutoScrollLabel.m */,
				6BC68EAC18A2959000F93169 /* DHValidation.h */,
				6BC68EAD18A2959000F93169 /* DHValidation.m */,
				6BC68EAE18A2959000F93169 /* HPDefaultExtensions.h */,
				6BC68EAF18A2959000F93169 /* NSArray */,
				6BC68EB218A2959000F93169 /* NSDateFormatter */,
				6BC68EB518A2959000F93169 /* NSDictionary */,
				6BC68EB818A2959000F93169 /* NSNotification */,
				6BC68EBB18A2959000F93169 /* NSString */,
				6BC68EC618A2959000F93169 /* UIColor */,
				6BC68ED718A2959000F93169 /* UILabel */,
			);
			path = Extensions;
			sourceTree = "<group>";
		};
		6BC68EAF18A2959000F93169 /* NSArray */ = {
			isa = PBXGroup;
			children = (
				6BC68EB018A2959000F93169 /* NSArray+Extensions.h */,
				6BC68EB118A2959000F93169 /* NSArray+Extensions.m */,
			);
			path = NSArray;
			sourceTree = "<group>";
		};
		6BC68EB218A2959000F93169 /* NSDateFormatter */ = {
			isa = PBXGroup;
			children = (
				6BC68EB318A2959000F93169 /* NSDateFormatter+SharedFormatter.h */,
				6BC68EB418A2959000F93169 /* NSDateFormatter+SharedFormatter.m */,
			);
			path = NSDateFormatter;
			sourceTree = "<group>";
		};
		6BC68EB518A2959000F93169 /* NSDictionary */ = {
			isa = PBXGroup;
			children = (
				6BC68EB618A2959000F93169 /* NSDictionary+KeyPath.h */,
				6BC68EB718A2959000F93169 /* NSDictionary+KeyPath.m */,
			);
			path = NSDictionary;
			sourceTree = "<group>";
		};
		6BC68EB818A2959000F93169 /* NSNotification */ = {
			isa = PBXGroup;
			children = (
				6BC68EB918A2959000F93169 /* NSNotification+Extensions.h */,
				6BC68EBA18A2959000F93169 /* NSNotification+Extensions.m */,
			);
			path = NSNotification;
			sourceTree = "<group>";
		};
		6BC68EBB18A2959000F93169 /* NSString */ = {
			isa = PBXGroup;
			children = (
				6BC68EBC18A2959000F93169 /* NSString+Extensions.h */,
				6BC68EBD18A2959000F93169 /* NSString+Extensions.m */,
				6BC68EBE18A2959000F93169 /* NSString+NoNull.h */,
				6BC68EBF18A2959000F93169 /* NSString+NoNull.m */,
			);
			path = NSString;
			sourceTree = "<group>";
		};
		6BC68EC618A2959000F93169 /* UIColor */ = {
			isa = PBXGroup;
			children = (
				6BC68EC718A2959000F93169 /* UIColor+Aditions.h */,
				6BC68EC818A2959000F93169 /* UIColor+Aditions.m */,
			);
			path = UIColor;
			sourceTree = "<group>";
		};
		6BC68ED718A2959000F93169 /* UILabel */ = {
			isa = PBXGroup;
			children = (
				6BC68ED818A2959000F93169 /* UILabel+Extensions.h */,
				6BC68ED918A2959000F93169 /* UILabel+Extensions.m */,
			);
			path = UILabel;
			sourceTree = "<group>";
		};
/* End PBXGroup section */

/* Begin PBXNativeTarget section */
		6BC68E3118A240EC00F93169 /* guzhangdeng */ = {
			isa = PBXNativeTarget;
			buildConfigurationList = 6BC68E5E18A240EC00F93169 /* Build configuration list for PBXNativeTarget "guzhangdeng" */;
			buildPhases = (
				6BC68E2E18A240EC00F93169 /* Sources */,
				6BC68E2F18A240EC00F93169 /* Frameworks */,
				6BC68E3018A240EC00F93169 /* Resources */,
			);
			buildRules = (
			);
			dependencies = (
			);
			name = guzhangdeng;
			productName = guzhangdeng;
			productReference = 6BC68E3218A240EC00F93169 /* guzhangdeng.app */;
			productType = "com.apple.product-type.application";
		};
		6BC68E4C18A240EC00F93169 /* guzhangdengTests */ = {
			isa = PBXNativeTarget;
			buildConfigurationList = 6BC68E6118A240EC00F93169 /* Build configuration list for PBXNativeTarget "guzhangdengTests" */;
			buildPhases = (
				6BC68E4918A240EC00F93169 /* Sources */,
				6BC68E4A18A240EC00F93169 /* Frameworks */,
				6BC68E4B18A240EC00F93169 /* Resources */,
			);
			buildRules = (
			);
			dependencies = (
				6BC68E5318A240EC00F93169 /* PBXTargetDependency */,
			);
			name = guzhangdengTests;
			productName = guzhangdengTests;
			productReference = 6BC68E4D18A240EC00F93169 /* guzhangdengTests.xctest */;
			productType = "com.apple.product-type.bundle.unit-test";
		};
/* End PBXNativeTarget section */

/* Begin PBXProject section */
		6BC68E2A18A240EC00F93169 /* Project object */ = {
			isa = PBXProject;
			attributes = {
				LastUpgradeCheck = 0500;
				ORGANIZATIONNAME = KCCL;
				TargetAttributes = {
					6BC68E3118A240EC00F93169 = {
						DevelopmentTeam = 7DFZ9L3YGJ;
					};
					6BC68E4C18A240EC00F93169 = {
						TestTargetID = 6BC68E3118A240EC00F93169;
					};
				};
			};
			buildConfigurationList = 6BC68E2D18A240EC00F93169 /* Build configuration list for PBXProject "guzhangdeng" */;
			compatibilityVersion = "Xcode 3.2";
			developmentRegion = English;
			hasScannedForEncodings = 0;
			knownRegions = (
				en,
			);
			mainGroup = 6BC68E2918A240EC00F93169;
			productRefGroup = 6BC68E3318A240EC00F93169 /* Products */;
			projectDirPath = "";
			projectRoot = "";
			targets = (
				6BC68E3118A240EC00F93169 /* guzhangdeng */,
				6BC68E4C18A240EC00F93169 /* guzhangdengTests */,
			);
		};
/* End PBXProject section */

/* Begin PBXResourcesBuildPhase section */
		6BC68E3018A240EC00F93169 /* Resources */ = {
			isa = PBXResourcesBuildPhase;
			buildActionMask = 2147483647;
			files = (
				6B50F8CD18C87E4B0065B94B /* 63.jpg in Resources */,
				6B50F8DC18C87E4B0065B94B /* 79.jpg in Resources */,
				6B50F8CC18C87E4B0065B94B /* 62.jpg in Resources */,
				6B50F89F18C87E4B0065B94B /* 16.jpg in Resources */,
				6B50F8DE18C87E4B0065B94B /* 81.jpg in Resources */,
				6B50F89D18C87E4B0065B94B /* 14.jpg in Resources */,
				6B50F89A18C87E4B0065B94B /* 11.jpg in Resources */,
				6B50F89818C87E4B0065B94B /* 9.jpg in Resources */,
				6B50F89718C87E4B0065B94B /* 8.jpg in Resources */,
				6B50F8BD18C87E4B0065B94B /* 46.jpg in Resources */,
				6B50F8B618C87E4B0065B94B /* 39.jpg in Resources */,
				6B50F8B418C87E4B0065B94B /* 37.jpg in Resources */,
				6B50F8D118C87E4B0065B94B /* 67.jpg in Resources */,
				6B50F8A918C87E4B0065B94B /* 26.jpg in Resources */,
				6B50F8B118C87E4B0065B94B /* 34.jpg in Resources */,
				6B50F89618C87E4B0065B94B /* 7.jpg in Resources */,
				6B50F8C018C87E4B0065B94B /* 49.jpg in Resources */,
				6B50F8D818C87E4B0065B94B /* 75.jpg in Resources */,
				6B50F8C318C87E4B0065B94B /* 52.jpg in Resources */,
				6B50F89318C87E4B0065B94B /* 4.jpg in Resources */,
				6B50F8B518C87E4B0065B94B /* 38.jpg in Resources */,
				6B50F8BF18C87E4B0065B94B /* 48.jpg in Resources */,
				6B50F8DD18C87E4B0065B94B /* 80.jpg in Resources */,
				6B50F8DB18C87E4B0065B94B /* 78.jpg in Resources */,
				6B50F8C418C87E4B0065B94B /* 54.jpg in Resources */,
				6B50F8AD18C87E4B0065B94B /* 30.jpg in Resources */,
				6B50F8AC18C87E4B0065B94B /* 29.jpg in Resources */,
				6B50F8AF18C87E4B0065B94B /* 32.jpg in Resources */,
				6B50F8B818C87E4B0065B94B /* 41.jpg in Resources */,
				6B50F8AE18C87E4B0065B94B /* 31.jpg in Resources */,
				6B50F8E018C87E4B0065B94B /* 83.jpg in Resources */,
				6B50F8D618C87E4B0065B94B /* 73.jpg in Resources */,
				6B50F8CF18C87E4B0065B94B /* 65.jpg in Resources */,
				6B50F8BE18C87E4B0065B94B /* 47.jpg in Resources */,
				6B50F8C818C87E4B0065B94B /* 58.jpg in Resources */,
				6B50F8CA18C87E4B0065B94B /* 60.jpg in Resources */,
				6B50F8E218C87E4B0065B94B /* 85.jpg in Resources */,
				6B50F8CE18C87E4B0065B94B /* 64.jpg in Resources */,
				6B50F8B218C87E4B0065B94B /* 35.jpg in Resources */,
				6B50F89E18C87E4B0065B94B /* 15.jpg in Resources */,
				6B50F8C718C87E4B0065B94B /* 57.jpg in Resources */,
				6B50F8CB18C87E4B0065B94B /* 61.jpg in Resources */,
				6B50F8A818C87E4B0065B94B /* 25.jpg in Resources */,
				6B50F89C18C87E4B0065B94B /* 13.jpg in Resources */,
				6B50F8E118C87E4B0065B94B /* 84.jpg in Resources */,
				6B50F89118C87E4B0065B94B /* 2.jpg in Resources */,
				6B50F8DA18C87E4B0065B94B /* 77.jpg in Resources */,
				6BC68E7418A258B400F93169 /* iconinfos.plist in Resources */,
				6B50F8A218C87E4B0065B94B /* 19.jpg in Resources */,
				6B50F89418C87E4B0065B94B /* 5.jpg in Resources */,
				6B50F8D418C87E4B0065B94B /* 71.jpg in Resources */,
				6B50F8A518C87E4B0065B94B /* 22.jpg in Resources */,
				6B50F8E318C87E4B0065B94B /* 87.jpg in Resources */,
				6B50F8A118C87E4B0065B94B /* 18.jpg in Resources */,
				6B50F89B18C87E4B0065B94B /* 12.jpg in Resources */,
				6B50F8DF18C87E4B0065B94B /* 82.jpg in Resources */,
				6B50F8AA18C87E4B0065B94B /* 27.jpg in Resources */,
				6B50F8D218C87E4B0065B94B /* 68.jpg in Resources */,
				6B50F89518C87E4B0065B94B /* 6.jpg in Resources */,
				6B50F89918C87E4B0065B94B /* 10.jpg in Resources */,
				6B50F8A018C87E4B0065B94B /* 17.jpg in Resources */,
				6B17B58518A674C100A9276D /* iconinfostest.plist in Resources */,
				6B50F8D918C87E4B0065B94B /* 76.jpg in Resources */,
				6BC68E4018A240EC00F93169 /* InfoPlist.strings in Resources */,
				6B50F8C118C87E4B0065B94B /* 50.jpg in Resources */,
				6B50F8B718C87E4B0065B94B /* 40.jpg in Resources */,
				6B50F8C218C87E4B0065B94B /* 51.jpg in Resources */,
				6B50F8B318C87E4B0065B94B /* 36.jpg in Resources */,
				6B50F8B018C87E4B0065B94B /* 33.jpg in Resources */,
				6B50F8A418C87E4B0065B94B /* 21.jpg in Resources */,
				6B50F8C618C87E4B0065B94B /* 56.jpg in Resources */,
				6BC68E4818A240EC00F93169 /* Images.xcassets in Resources */,
				6B50F8BC18C87E4B0065B94B /* 45.jpg in Resources */,
				6B50F8A718C87E4B0065B94B /* 24.jpg in Resources */,
				6B50F8D318C87E4B0065B94B /* 69.jpg in Resources */,
				6B50F8A618C87E4B0065B94B /* 23.jpg in Resources */,
				6B50F8D718C87E4B0065B94B /* 74.jpg in Resources */,
				6B50F8C918C87E4B0065B94B /* 59.jpg in Resources */,
				6B50F8D018C87E4B0065B94B /* 66.jpg in Resources */,
				6B50F89218C87E4B0065B94B /* 3.jpg in Resources */,
				6B50F8D518C87E4B0065B94B /* 72.jpg in Resources */,
				6B50F8C518C87E4B0065B94B /* 55.jpg in Resources */,
				6B50F89018C87E4B0065B94B /* 1.jpg in Resources */,
				6B50F8B918C87E4B0065B94B /* 42.jpg in Resources */,
				6B50F8A318C87E4B0065B94B /* 20.jpg in Resources */,
				6B50F8BB18C87E4B0065B94B /* 44.jpg in Resources */,
				6B50F8AB18C87E4B0065B94B /* 28.jpg in Resources */,
				6B50F8BA18C87E4B0065B94B /* 43.jpg in Resources */,
			);
			runOnlyForDeploymentPostprocessing = 0;
		};
		6BC68E4B18A240EC00F93169 /* Resources */ = {
			isa = PBXResourcesBuildPhase;
			buildActionMask = 2147483647;
			files = (
				6BC68E5918A240EC00F93169 /* InfoPlist.strings in Resources */,
			);
			runOnlyForDeploymentPostprocessing = 0;
		};
/* End PBXResourcesBuildPhase section */

/* Begin PBXSourcesBuildPhase section */
		6BC68E2E18A240EC00F93169 /* Sources */ = {
			isa = PBXSourcesBuildPhase;
			buildActionMask = 2147483647;
			files = (
				6BC68EF918A2959000F93169 /* DHValidation.m in Sources */,
				6BC68EFD18A2959000F93169 /* NSNotification+Extensions.m in Sources */,
				6BC68E4618A240EC00F93169 /* AppDelegate.m in Sources */,
				6BC68EFA18A2959000F93169 /* NSArray+Extensions.m in Sources */,
				6BC68E4218A240EC00F93169 /* main.m in Sources */,
				6BC68E6A18A2471800F93169 /* AboutViewController.m in Sources */,
				6BC68E7018A256F600F93169 /* UIImageButton.m in Sources */,
				6BC68EFF18A2959000F93169 /* NSString+NoNull.m in Sources */,
				6BC68EFE18A2959000F93169 /* NSString+Extensions.m in Sources */,
				6BC68E6718A2419400F93169 /* HomeViewController.m in Sources */,
				6BC68F0218A2959000F93169 /* UIColor+Aditions.m in Sources */,
				6BC68E7118A256F600F93169 /* UITableGridViewCell.m in Sources */,
				6BC68EF718A2959000F93169 /* AutoScrollLabel.m in Sources */,
				6BC68E8318A2622900F93169 /* DetailViewController.m in Sources */,
				6BC68F0918A2959000F93169 /* UILabel+Extensions.m in Sources */,
				6BC68EFB18A2959000F93169 /* NSDateFormatter+SharedFormatter.m in Sources */,
				6BC68EFC18A2959000F93169 /* NSDictionary+KeyPath.m in Sources */,
			);
			runOnlyForDeploymentPostprocessing = 0;
		};
		6BC68E4918A240EC00F93169 /* Sources */ = {
			isa = PBXSourcesBuildPhase;
			buildActionMask = 2147483647;
			files = (
				6BC68E5B18A240EC00F93169 /* guzhangdengTests.m in Sources */,
			);
			runOnlyForDeploymentPostprocessing = 0;
		};
/* End PBXSourcesBuildPhase section */

/* Begin PBXTargetDependency section */
		6BC68E5318A240EC00F93169 /* PBXTargetDependency */ = {
			isa = PBXTargetDependency;
			target = 6BC68E3118A240EC00F93169 /* guzhangdeng */;
			targetProxy = 6BC68E5218A240EC00F93169 /* PBXContainerItemProxy */;
		};
/* End PBXTargetDependency section */

/* Begin PBXVariantGroup section */
		6BC68E3E18A240EC00F93169 /* InfoPlist.strings */ = {
			isa = PBXVariantGroup;
			children = (
				6BC68E3F18A240EC00F93169 /* en */,
			);
			name = InfoPlist.strings;
			sourceTree = "<group>";
		};
		6BC68E5718A240EC00F93169 /* InfoPlist.strings */ = {
			isa = PBXVariantGroup;
			children = (
				6BC68E5818A240EC00F93169 /* en */,
			);
			name = InfoPlist.strings;
			sourceTree = "<group>";
		};
/* End PBXVariantGroup section */

/* Begin XCBuildConfiguration section */
		6BC68E5C18A240EC00F93169 /* Debug */ = {
			isa = XCBuildConfiguration;
			buildSettings = {
				ALWAYS_SEARCH_USER_PATHS = NO;
				ARCHS = "$(ARCHS_STANDARD_INCLUDING_64_BIT)";
				CLANG_CXX_LANGUAGE_STANDARD = "gnu++0x";
				CLANG_CXX_LIBRARY = "libc++";
				CLANG_ENABLE_MODULES = YES;
				CLANG_ENABLE_OBJC_ARC = YES;
				CLANG_WARN_BOOL_CONVERSION = YES;
				CLANG_WARN_CONSTANT_CONVERSION = YES;
				CLANG_WARN_DIRECT_OBJC_ISA_USAGE = YES_ERROR;
				CLANG_WARN_EMPTY_BODY = YES;
				CLANG_WARN_ENUM_CONVERSION = YES;
				CLANG_WARN_INT_CONVERSION = YES;
				CLANG_WARN_OBJC_ROOT_CLASS = YES_ERROR;
				CLANG_WARN__DUPLICATE_METHOD_MATCH = YES;
				"CODE_SIGN_IDENTITY[sdk=iphoneos*]" = "iPhone Developer";
				COPY_PHASE_STRIP = NO;
				GCC_C_LANGUAGE_STANDARD = gnu99;
				GCC_DYNAMIC_NO_PIC = NO;
				GCC_OPTIMIZATION_LEVEL = 0;
				GCC_PREPROCESSOR_DEFINITIONS = (
					"DEBUG=1",
					"$(inherited)",
				);
				GCC_SYMBOLS_PRIVATE_EXTERN = NO;
				GCC_WARN_64_TO_32_BIT_CONVERSION = YES;
				GCC_WARN_ABOUT_RETURN_TYPE = YES_ERROR;
				GCC_WARN_UNDECLARED_SELECTOR = YES;
				GCC_WARN_UNINITIALIZED_AUTOS = YES;
				GCC_WARN_UNUSED_FUNCTION = YES;
				GCC_WARN_UNUSED_VARIABLE = YES;
				IPHONEOS_DEPLOYMENT_TARGET = 7.0;
				ONLY_ACTIVE_ARCH = YES;
				SDKROOT = iphoneos;
			};
			name = Debug;
		};
		6BC68E5D18A240EC00F93169 /* Release */ = {
			isa = XCBuildConfiguration;
			buildSettings = {
				ALWAYS_SEARCH_USER_PATHS = NO;
				ARCHS = "$(ARCHS_STANDARD_INCLUDING_64_BIT)";
				CLANG_CXX_LANGUAGE_STANDARD = "gnu++0x";
				CLANG_CXX_LIBRARY = "libc++";
				CLANG_ENABLE_MODULES = YES;
				CLANG_ENABLE_OBJC_ARC = YES;
				CLANG_WARN_BOOL_CONVERSION = YES;
				CLANG_WARN_CONSTANT_CONVERSION = YES;
				CLANG_WARN_DIRECT_OBJC_ISA_USAGE = YES_ERROR;
				CLANG_WARN_EMPTY_BODY = YES;
				CLANG_WARN_ENUM_CONVERSION = YES;
				CLANG_WARN_INT_CONVERSION = YES;
				CLANG_WARN_OBJC_ROOT_CLASS = YES_ERROR;
				CLANG_WARN__DUPLICATE_METHOD_MATCH = YES;
				"CODE_SIGN_IDENTITY[sdk=iphoneos*]" = "iPhone Developer";
				COPY_PHASE_STRIP = YES;
				ENABLE_NS_ASSERTIONS = NO;
				GCC_C_LANGUAGE_STANDARD = gnu99;
				GCC_WARN_64_TO_32_BIT_CONVERSION = YES;
				GCC_WARN_ABOUT_RETURN_TYPE = YES_ERROR;
				GCC_WARN_UNDECLARED_SELECTOR = YES;
				GCC_WARN_UNINITIALIZED_AUTOS = YES;
				GCC_WARN_UNUSED_FUNCTION = YES;
				GCC_WARN_UNUSED_VARIABLE = YES;
				IPHONEOS_DEPLOYMENT_TARGET = 7.0;
				SDKROOT = iphoneos;
				VALIDATE_PRODUCT = YES;
			};
			name = Release;
		};
		6BC68E5F18A240EC00F93169 /* Debug */ = {
			isa = XCBuildConfiguration;
			buildSettings = {
				ASSETCATALOG_COMPILER_APPICON_NAME = AppIcon;
				ASSETCATALOG_COMPILER_LAUNCHIMAGE_NAME = LaunchImage;
				CODE_SIGN_IDENTITY = "iPhone Developer";
				"CODE_SIGN_IDENTITY[sdk=iphoneos*]" = "iPhone Developer";
				GCC_PRECOMPILE_PREFIX_HEADER = YES;
				GCC_PREFIX_HEADER = "guzhangdeng/guzhangdeng-Prefix.pch";
				INFOPLIST_FILE = "guzhangdeng/guzhangdeng-Info.plist";
				PRODUCT_NAME = "$(TARGET_NAME)";
				PROVISIONING_PROFILE = "";
				WRAPPER_EXTENSION = app;
			};
			name = Debug;
		};
		6BC68E6018A240EC00F93169 /* Release */ = {
			isa = XCBuildConfiguration;
			buildSettings = {
				ASSETCATALOG_COMPILER_APPICON_NAME = AppIcon;
				ASSETCATALOG_COMPILER_LAUNCHIMAGE_NAME = LaunchImage;
				CODE_SIGN_IDENTITY = "iPhone Developer";
				"CODE_SIGN_IDENTITY[sdk=iphoneos*]" = "iPhone Developer";
				GCC_PRECOMPILE_PREFIX_HEADER = YES;
				GCC_PREFIX_HEADER = "guzhangdeng/guzhangdeng-Prefix.pch";
				INFOPLIST_FILE = "guzhangdeng/guzhangdeng-Info.plist";
				PRODUCT_NAME = "$(TARGET_NAME)";
				PROVISIONING_PROFILE = "";
				WRAPPER_EXTENSION = app;
			};
			name = Release;
		};
		6BC68E6218A240EC00F93169 /* Debug */ = {
			isa = XCBuildConfiguration;
			buildSettings = {
				ARCHS = "$(ARCHS_STANDARD_INCLUDING_64_BIT)";
				BUNDLE_LOADER = "$(BUILT_PRODUCTS_DIR)/guzhangdeng.app/guzhangdeng";
				FRAMEWORK_SEARCH_PATHS = (
					"$(SDKROOT)/Developer/Library/Frameworks",
					"$(inherited)",
					"$(DEVELOPER_FRAMEWORKS_DIR)",
				);
				GCC_PRECOMPILE_PREFIX_HEADER = YES;
				GCC_PREFIX_HEADER = "guzhangdeng/guzhangdeng-Prefix.pch";
				GCC_PREPROCESSOR_DEFINITIONS = (
					"DEBUG=1",
					"$(inherited)",
				);
				INFOPLIST_FILE = "guzhangdengTests/guzhangdengTests-Info.plist";
				PRODUCT_NAME = "$(TARGET_NAME)";
				TEST_HOST = "$(BUNDLE_LOADER)";
				WRAPPER_EXTENSION = xctest;
			};
			name = Debug;
		};
		6BC68E6318A240EC00F93169 /* Release */ = {
			isa = XCBuildConfiguration;
			buildSettings = {
				ARCHS = "$(ARCHS_STANDARD_INCLUDING_64_BIT)";
				BUNDLE_LOADER = "$(BUILT_PRODUCTS_DIR)/guzhangdeng.app/guzhangdeng";
				FRAMEWORK_SEARCH_PATHS = (
					"$(SDKROOT)/Developer/Library/Frameworks",
					"$(inherited)",
					"$(DEVELOPER_FRAMEWORKS_DIR)",
				);
				GCC_PRECOMPILE_PREFIX_HEADER = YES;
				GCC_PREFIX_HEADER = "guzhangdeng/guzhangdeng-Prefix.pch";
				INFOPLIST_FILE = "guzhangdengTests/guzhangdengTests-Info.plist";
				PRODUCT_NAME = "$(TARGET_NAME)";
				TEST_HOST = "$(BUNDLE_LOADER)";
				WRAPPER_EXTENSION = xctest;
			};
			name = Release;
		};
/* End XCBuildConfiguration section */

/* Begin XCConfigurationList section */
		6BC68E2D18A240EC00F93169 /* Build configuration list for PBXProject "guzhangdeng" */ = {
			isa = XCConfigurationList;
			buildConfigurations = (
				6BC68E5C18A240EC00F93169 /* Debug */,
				6BC68E5D18A240EC00F93169 /* Release */,
			);
			defaultConfigurationIsVisible = 0;
			defaultConfigurationName = Release;
		};
		6BC68E5E18A240EC00F93169 /* Build configuration list for PBXNativeTarget "guzhangdeng" */ = {
			isa = XCConfigurationList;
			buildConfigurations = (
				6BC68E5F18A240EC00F93169 /* Debug */,
				6BC68E6018A240EC00F93169 /* Release */,
			);
			defaultConfigurationIsVisible = 0;
			defaultConfigurationName = Release;
		};
		6BC68E6118A240EC00F93169 /* Build configuration list for PBXNativeTarget "guzhangdengTests" */ = {
			isa = XCConfigurationList;
			buildConfigurations = (
				6BC68E6218A240EC00F93169 /* Debug */,
				6BC68E6318A240EC00F93169 /* Release */,
			);
			defaultConfigurationIsVisible = 0;
			defaultConfigurationName = Release;
		};
/* End XCConfigurationList section */
	};
	rootObject = 6BC68E2A18A240EC00F93169 /* Project object */;
}
